// !$*UTF8*$!
{
	archiveVersion = 1;
	classes = {
	};
	objectVersion = 55;
	objects = {

/* Begin PBXBuildFile section */
		A221CD2B274152CB004CDCDC /* AudioPlayer.swift in Sources */ = {isa = PBXBuildFile; fileRef = A221CD2A274152CB004CDCDC /* AudioPlayer.swift */; };
		A22C3B89274144320097B817 /* CircleGroupView.swift in Sources */ = {isa = PBXBuildFile; fileRef = A22C3B88274144320097B817 /* CircleGroupView.swift */; };
		A24E3BF3277DDB040009BBDC /* Eternal Garden - Dan Henig.mp3 in Resources */ = {isa = PBXBuildFile; fileRef = A24E3BE6277DDB040009BBDC /* Eternal Garden - Dan Henig.mp3 */; };
		A24E3BF4277DDB040009BBDC /* Violet Spirit - Dan Henig.mp3 in Resources */ = {isa = PBXBuildFile; fileRef = A24E3BE7277DDB040009BBDC /* Violet Spirit - Dan Henig.mp3 */; };
		A24E3BF5277DDB040009BBDC /* Dolphin-esque - Godmode.mp3 in Resources */ = {isa = PBXBuildFile; fileRef = A24E3BE8277DDB040009BBDC /* Dolphin-esque - Godmode.mp3 */; };
		A24E3BF6277DDB040009BBDC /* Simple - Patrick Patrikios.mp3 in Resources */ = {isa = PBXBuildFile; fileRef = A24E3BE9277DDB040009BBDC /* Simple - Patrick Patrikios.mp3 */; };
		A24E3BF7277DDB040009BBDC /* Nebular Focus - Dan Henig.mp3 in Resources */ = {isa = PBXBuildFile; fileRef = A24E3BEA277DDB040009BBDC /* Nebular Focus - Dan Henig.mp3 */; };
		A24E3BF8277DDB040009BBDC /* Underwater Exploration - Godmode.mp3 in Resources */ = {isa = PBXBuildFile; fileRef = A24E3BEB277DDB040009BBDC /* Underwater Exploration - Godmode.mp3 */; };
		A24E3BF9277DDB040009BBDC /* success.m4a in Resources */ = {isa = PBXBuildFile; fileRef = A24E3BEC277DDB040009BBDC /* success.m4a */; };
		A24E3BFA277DDB040009BBDC /* chimeup.mp3 in Resources */ = {isa = PBXBuildFile; fileRef = A24E3BED277DDB040009BBDC /* chimeup.mp3 */; };
		A24E3BFB277DDB040009BBDC /* Glacier - Patrick Patrikios.mp3 in Resources */ = {isa = PBXBuildFile; fileRef = A24E3BEE277DDB040009BBDC /* Glacier - Patrick Patrikios.mp3 */; };
		A24E3BFC277DDB040009BBDC /* Interstellar Mood - Nico Staf.mp3 in Resources */ = {isa = PBXBuildFile; fileRef = A24E3BEF277DDB040009BBDC /* Interstellar Mood - Nico Staf.mp3 */; };
		A24E3BFD277DDB040009BBDC /* On the Island - Godmode.mp3 in Resources */ = {isa = PBXBuildFile; fileRef = A24E3BF0277DDB040009BBDC /* On the Island - Godmode.mp3 */; };
		A24E3BFE277DDB040009BBDC /* Lens - Bobby Richards.mp3 in Resources */ = {isa = PBXBuildFile; fileRef = A24E3BF1277DDB040009BBDC /* Lens - Bobby Richards.mp3 */; };
		A24E3BFF277DDB040009BBDC /* Two Moons - Bobby Richards.mp3 in Resources */ = {isa = PBXBuildFile; fileRef = A24E3BF2277DDB040009BBDC /* Two Moons - Bobby Richards.mp3 */; };
		A2A478382741371A001B5163 /* RestartApp.swift in Sources */ = {isa = PBXBuildFile; fileRef = A2A478372741371A001B5163 /* RestartApp.swift */; };
		A2A4783A2741371A001B5163 /* ContentView.swift in Sources */ = {isa = PBXBuildFile; fileRef = A2A478392741371A001B5163 /* ContentView.swift */; };
		A2A4783C2741371B001B5163 /* Assets.xcassets in Resources */ = {isa = PBXBuildFile; fileRef = A2A4783B2741371B001B5163 /* Assets.xcassets */; };
		A2A4783F2741371B001B5163 /* Preview Assets.xcassets in Resources */ = {isa = PBXBuildFile; fileRef = A2A4783E2741371B001B5163 /* Preview Assets.xcassets */; };
		A2A4784C274137EF001B5163 /* chimeup.mp3 in Resources */ = {isa = PBXBuildFile; fileRef = A2A4784A274137EF001B5163 /* chimeup.mp3 */; };
		A2A4784D274137EF001B5163 /* success.m4a in Resources */ = {isa = PBXBuildFile; fileRef = A2A4784B274137EF001B5163 /* success.m4a */; };
		A2A4785427413A25001B5163 /* OnBoardingView.swift in Sources */ = {isa = PBXBuildFile; fileRef = A2A4785327413A25001B5163 /* OnBoardingView.swift */; };
		A2A4785627413A46001B5163 /* HomeView.swift in Sources */ = {isa = PBXBuildFile; fileRef = A2A4785527413A46001B5163 /* HomeView.swift */; };
/* End PBXBuildFile section */

/* Begin PBXFileReference section */
		A221CD2A274152CB004CDCDC /* AudioPlayer.swift */ = {isa = PBXFileReference; lastKnownFileType = sourcecode.swift; path = AudioPlayer.swift; sourceTree = "<group>"; };
		A22C3B88274144320097B817 /* CircleGroupView.swift */ = {isa = PBXFileReference; lastKnownFileType = sourcecode.swift; path = CircleGroupView.swift; sourceTree = "<group>"; };
		A24E3BE6277DDB040009BBDC /* Eternal Garden - Dan Henig.mp3 */ = {isa = PBXFileReference; lastKnownFileType = audio.mp3; path = "Eternal Garden - Dan Henig.mp3"; sourceTree = "<group>"; };
		A24E3BE7277DDB040009BBDC /* Violet Spirit - Dan Henig.mp3 */ = {isa = PBXFileReference; lastKnownFileType = audio.mp3; path = "Violet Spirit - Dan Henig.mp3"; sourceTree = "<group>"; };
		A24E3BE8277DDB040009BBDC /* Dolphin-esque - Godmode.mp3 */ = {isa = PBXFileReference; lastKnownFileType = audio.mp3; path = "Dolphin-esque - Godmode.mp3"; sourceTree = "<group>"; };
		A24E3BE9277DDB040009BBDC /* Simple - Patrick Patrikios.mp3 */ = {isa = PBXFileReference; lastKnownFileType = audio.mp3; path = "Simple - Patrick Patrikios.mp3"; sourceTree = "<group>"; };
		A24E3BEA277DDB040009BBDC /* Nebular Focus - Dan Henig.mp3 */ = {isa = PBXFileReference; lastKnownFileType = audio.mp3; path = "Nebular Focus - Dan Henig.mp3"; sourceTree = "<group>"; };
		A24E3BEB277DDB040009BBDC /* Underwater Exploration - Godmode.mp3 */ = {isa = PBXFileReference; lastKnownFileType = audio.mp3; path = "Underwater Exploration - Godmode.mp3"; sourceTree = "<group>"; };
		A24E3BEC277DDB040009BBDC /* success.m4a */ = {isa = PBXFileReference; lastKnownFileType = file; path = success.m4a; sourceTree = "<group>"; };
		A24E3BED277DDB040009BBDC /* chimeup.mp3 */ = {isa = PBXFileReference; lastKnownFileType = audio.mp3; path = chimeup.mp3; sourceTree = "<group>"; };
		A24E3BEE277DDB040009BBDC /* Glacier - Patrick Patrikios.mp3 */ = {isa = PBXFileReference; lastKnownFileType = audio.mp3; path = "Glacier - Patrick Patrikios.mp3"; sourceTree = "<group>"; };
		A24E3BEF277DDB040009BBDC /* Interstellar Mood - Nico Staf.mp3 */ = {isa = PBXFileReference; lastKnownFileType = audio.mp3; path = "Interstellar Mood - Nico Staf.mp3"; sourceTree = "<group>"; };
		A24E3BF0277DDB040009BBDC /* On the Island - Godmode.mp3 */ = {isa = PBXFileReference; lastKnownFileType = audio.mp3; path = "On the Island - Godmode.mp3"; sourceTree = "<group>"; };
		A24E3BF1277DDB040009BBDC /* Lens - Bobby Richards.mp3 */ = {isa = PBXFileReference; lastKnownFileType = audio.mp3; path = "Lens - Bobby Richards.mp3"; sourceTree = "<group>"; };
		A24E3BF2277DDB040009BBDC /* Two Moons - Bobby Richards.mp3 */ = {isa = PBXFileReference; lastKnownFileType = audio.mp3; path = "Two Moons - Bobby Richards.mp3"; sourceTree = "<group>"; };
		A2A478342741371A001B5163 /* Restart.app */ = {isa = PBXFileReference; explicitFileType = wrapper.application; includeInIndex = 0; path = Restart.app; sourceTree = BUILT_PRODUCTS_DIR; };
		A2A478372741371A001B5163 /* RestartApp.swift */ = {isa = PBXFileReference; lastKnownFileType = sourcecode.swift; path = RestartApp.swift; sourceTree = "<group>"; };
		A2A478392741371A001B5163 /* ContentView.swift */ = {isa = PBXFileReference; lastKnownFileType = sourcecode.swift; path = ContentView.swift; sourceTree = "<group>"; };
		A2A4783B2741371B001B5163 /* Assets.xcassets */ = {isa = PBXFileReference; lastKnownFileType = folder.assetcatalog; path = Assets.xcassets; sourceTree = "<group>"; };
		A2A4783E2741371B001B5163 /* Preview Assets.xcassets */ = {isa = PBXFileReference; lastKnownFileType = folder.assetcatalog; path = "Preview Assets.xcassets"; sourceTree = "<group>"; };
		A2A4784A274137EF001B5163 /* chimeup.mp3 */ = {isa = PBXFileReference; lastKnownFileType = audio.mp3; path = chimeup.mp3; sourceTree = "<group>"; };
		A2A4784B274137EF001B5163 /* success.m4a */ = {isa = PBXFileReference; lastKnownFileType = file; path = success.m4a; sourceTree = "<group>"; };
		A2A47852274139D7001B5163 /* Info.plist */ = {isa = PBXFileReference; lastKnownFileType = text.plist; path = Info.plist; sourceTree = "<group>"; };
		A2A4785327413A25001B5163 /* OnBoardingView.swift */ = {isa = PBXFileReference; lastKnownFileType = sourcecode.swift; path = OnBoardingView.swift; sourceTree = "<group>"; };
		A2A4785527413A46001B5163 /* HomeView.swift */ = {isa = PBXFileReference; lastKnownFileType = sourcecode.swift; path = HomeView.swift; sourceTree = "<group>"; };
/* End PBXFileReference section */

/* Begin PBXFrameworksBuildPhase section */
		A2A478312741371A001B5163 /* Frameworks */ = {
			isa = PBXFrameworksBuildPhase;
			buildActionMask = 2147483647;
			files = (
			);
			runOnlyForDeploymentPostprocessing = 0;
		};
/* End PBXFrameworksBuildPhase section */

/* Begin PBXGroup section */
		A2A4782B2741371A001B5163 = {
			isa = PBXGroup;
			children = (
				A2A478362741371A001B5163 /* Restart */,
				A2A478352741371A001B5163 /* Products */,
			);
			sourceTree = "<group>";
		};
		A2A478352741371A001B5163 /* Products */ = {
			isa = PBXGroup;
			children = (
				A2A478342741371A001B5163 /* Restart.app */,
			);
			name = Products;
			sourceTree = "<group>";
		};
		A2A478362741371A001B5163 /* Restart */ = {
			isa = PBXGroup;
			children = (
				A2A47852274139D7001B5163 /* Info.plist */,
				A2A47851274138D9001B5163 /* Utilities */,
				A2A47850274138BD001B5163 /* Views */,
				A2A4784E274137FD001B5163 /* Sounds */,
				A2A478372741371A001B5163 /* RestartApp.swift */,
				A2A4784F274138B3001B5163 /* Screens */,
				A2A4783B2741371B001B5163 /* Assets.xcassets */,
				A2A4783D2741371B001B5163 /* Preview Content */,
			);
			path = Restart;
			sourceTree = "<group>";
		};
		A2A4783D2741371B001B5163 /* Preview Content */ = {
			isa = PBXGroup;
			children = (
				A2A4783E2741371B001B5163 /* Preview Assets.xcassets */,
			);
			path = "Preview Content";
			sourceTree = "<group>";
		};
		A2A4784E274137FD001B5163 /* Sounds */ = {
			isa = PBXGroup;
			children = (
				A24E3BED277DDB040009BBDC /* chimeup.mp3 */,
				A24E3BE8277DDB040009BBDC /* Dolphin-esque - Godmode.mp3 */,
				A24E3BE6277DDB040009BBDC /* Eternal Garden - Dan Henig.mp3 */,
				A24E3BEE277DDB040009BBDC /* Glacier - Patrick Patrikios.mp3 */,
				A24E3BEF277DDB040009BBDC /* Interstellar Mood - Nico Staf.mp3 */,
				A24E3BF1277DDB040009BBDC /* Lens - Bobby Richards.mp3 */,
				A24E3BEA277DDB040009BBDC /* Nebular Focus - Dan Henig.mp3 */,
				A24E3BF0277DDB040009BBDC /* On the Island - Godmode.mp3 */,
				A24E3BE9277DDB040009BBDC /* Simple - Patrick Patrikios.mp3 */,
				A24E3BEC277DDB040009BBDC /* success.m4a */,
				A24E3BF2277DDB040009BBDC /* Two Moons - Bobby Richards.mp3 */,
				A24E3BEB277DDB040009BBDC /* Underwater Exploration - Godmode.mp3 */,
				A24E3BE7277DDB040009BBDC /* Violet Spirit - Dan Henig.mp3 */,
				A2A4784A274137EF001B5163 /* chimeup.mp3 */,
				A2A4784B274137EF001B5163 /* success.m4a */,
			);
			path = Sounds;
			sourceTree = "<group>";
		};
		A2A4784F274138B3001B5163 /* Screens */ = {
			isa = PBXGroup;
			children = (
				A2A478392741371A001B5163 /* ContentView.swift */,
				A2A4785327413A25001B5163 /* OnBoardingView.swift */,
				A2A4785527413A46001B5163 /* HomeView.swift */,
			);
			path = Screens;
			sourceTree = "<group>";
		};
		A2A47850274138BD001B5163 /* Views */ = {
			isa = PBXGroup;
			children = (
				A22C3B88274144320097B817 /* CircleGroupView.swift */,
			);
			path = Views;
			sourceTree = "<group>";
		};
		A2A47851274138D9001B5163 /* Utilities */ = {
			isa = PBXGroup;
			children = (
				A221CD2A274152CB004CDCDC /* AudioPlayer.swift */,
			);
			path = Utilities;
			sourceTree = "<group>";
		};
/* End PBXGroup section */

/* Begin PBXNativeTarget section */
		A2A478332741371A001B5163 /* Restart */ = {
			isa = PBXNativeTarget;
			buildConfigurationList = A2A478422741371B001B5163 /* Build configuration list for PBXNativeTarget "Restart" */;
			buildPhases = (
				A2A478302741371A001B5163 /* Sources */,
				A2A478312741371A001B5163 /* Frameworks */,
				A2A478322741371A001B5163 /* Resources */,
			);
			buildRules = (
			);
			dependencies = (
			);
			name = Restart;
			productName = Restart;
			productReference = A2A478342741371A001B5163 /* Restart.app */;
			productType = "com.apple.product-type.application";
		};
/* End PBXNativeTarget section */

/* Begin PBXProject section */
		A2A4782C2741371A001B5163 /* Project object */ = {
			isa = PBXProject;
			attributes = {
				BuildIndependentTargetsInParallel = 1;
				LastSwiftUpdateCheck = 1310;
				LastUpgradeCheck = 1310;
				TargetAttributes = {
					A2A478332741371A001B5163 = {
						CreatedOnToolsVersion = 13.1;
					};
				};
			};
			buildConfigurationList = A2A4782F2741371A001B5163 /* Build configuration list for PBXProject "Restart" */;
			compatibilityVersion = "Xcode 13.0";
			developmentRegion = en;
			hasScannedForEncodings = 0;
			knownRegions = (
				en,
				Base,
			);
			mainGroup = A2A4782B2741371A001B5163;
			productRefGroup = A2A478352741371A001B5163 /* Products */;
			projectDirPath = "";
			projectRoot = "";
			targets = (
				A2A478332741371A001B5163 /* Restart */,
			);
		};
/* End PBXProject section */

/* Begin PBXResourcesBuildPhase section */
		A2A478322741371A001B5163 /* Resources */ = {
			isa = PBXResourcesBuildPhase;
			buildActionMask = 2147483647;
			files = (
				A24E3BF8277DDB040009BBDC /* Underwater Exploration - Godmode.mp3 in Resources */,
				A2A4784D274137EF001B5163 /* success.m4a in Resources */,
				A24E3BFE277DDB040009BBDC /* Lens - Bobby Richards.mp3 in Resources */,
				A24E3BF5277DDB040009BBDC /* Dolphin-esque - Godmode.mp3 in Resources */,
				A2A4784C274137EF001B5163 /* chimeup.mp3 in Resources */,
				A24E3BFB277DDB040009BBDC /* Glacier - Patrick Patrikios.mp3 in Resources */,
				A24E3BFF277DDB040009BBDC /* Two Moons - Bobby Richards.mp3 in Resources */,
				A24E3BFA277DDB040009BBDC /* chimeup.mp3 in Resources */,
				A24E3BFC277DDB040009BBDC /* Interstellar Mood - Nico Staf.mp3 in Resources */,
				A24E3BF3277DDB040009BBDC /* Eternal Garden - Dan Henig.mp3 in Resources */,
				A24E3BFD277DDB040009BBDC /* On the Island - Godmode.mp3 in Resources */,
				A24E3BF4277DDB040009BBDC /* Violet Spirit - Dan Henig.mp3 in Resources */,
				A2A4783F2741371B001B5163 /* Preview Assets.xcassets in Resources */,
				A24E3BF9277DDB040009BBDC /* success.m4a in Resources */,
				A24E3BF7277DDB040009BBDC /* Nebular Focus - Dan Henig.mp3 in Resources */,
				A24E3BF6277DDB040009BBDC /* Simple - Patrick Patrikios.mp3 in Resources */,
				A2A4783C2741371B001B5163 /* Assets.xcassets in Resources */,
			);
			runOnlyForDeploymentPostprocessing = 0;
		};
/* End PBXResourcesBuildPhase section */

/* Begin PBXSourcesBuildPhase section */
		A2A478302741371A001B5163 /* Sources */ = {
			isa = PBXSourcesBuildPhase;
			buildActionMask = 2147483647;
			files = (
				A22C3B89274144320097B817 /* CircleGroupView.swift in Sources */,
				A2A4785427413A25001B5163 /* OnBoardingView.swift in Sources */,
				A2A4785627413A46001B5163 /* HomeView.swift in Sources */,
				A2A4783A2741371A001B5163 /* ContentView.swift in Sources */,
				A2A478382741371A001B5163 /* RestartApp.swift in Sources */,
				A221CD2B274152CB004CDCDC /* AudioPlayer.swift in Sources */,
			);
			runOnlyForDeploymentPostprocessing = 0;
		};
/* End PBXSourcesBuildPhase section */

/* Begin XCBuildConfiguration section */
		A2A478402741371B001B5163 /* Debug */ = {
			isa = XCBuildConfiguration;
			buildSettings = {
				ALWAYS_SEARCH_USER_PATHS = NO;
				CLANG_ANALYZER_NONNULL = YES;
				CLANG_ANALYZER_NUMBER_OBJECT_CONVERSION = YES_AGGRESSIVE;
				CLANG_CXX_LANGUAGE_STANDARD = "gnu++17";
				CLANG_CXX_LIBRARY = "libc++";
				CLANG_ENABLE_MODULES = YES;
				CLANG_ENABLE_OBJC_ARC = YES;
				CLANG_ENABLE_OBJC_WEAK = YES;
				CLANG_WARN_BLOCK_CAPTURE_AUTORELEASING = YES;
				CLANG_WARN_BOOL_CONVERSION = YES;
				CLANG_WARN_COMMA = YES;
				CLANG_WARN_CONSTANT_CONVERSION = YES;
				CLANG_WARN_DEPRECATED_OBJC_IMPLEMENTATIONS = YES;
				CLANG_WARN_DIRECT_OBJC_ISA_USAGE = YES_ERROR;
				CLANG_WARN_DOCUMENTATION_COMMENTS = YES;
				CLANG_WARN_EMPTY_BODY = YES;
				CLANG_WARN_ENUM_CONVERSION = YES;
				CLANG_WARN_INFINITE_RECURSION = YES;
				CLANG_WARN_INT_CONVERSION = YES;
				CLANG_WARN_NON_LITERAL_NULL_CONVERSION = YES;
				CLANG_WARN_OBJC_IMPLICIT_RETAIN_SELF = YES;
				CLANG_WARN_OBJC_LITERAL_CONVERSION = YES;
				CLANG_WARN_OBJC_ROOT_CLASS = YES_ERROR;
				CLANG_WARN_QUOTED_INCLUDE_IN_FRAMEWORK_HEADER = YES;
				CLANG_WARN_RANGE_LOOP_ANALYSIS = YES;
				CLANG_WARN_STRICT_PROTOTYPES = YES;
				CLANG_WARN_SUSPICIOUS_MOVE = YES;
				CLANG_WARN_UNGUARDED_AVAILABILITY = YES_AGGRESSIVE;
				CLANG_WARN_UNREACHABLE_CODE = YES;
				CLANG_WARN__DUPLICATE_METHOD_MATCH = YES;
				COPY_PHASE_STRIP = NO;
				DEBUG_INFORMATION_FORMAT = dwarf;
				ENABLE_STRICT_OBJC_MSGSEND = YES;
				ENABLE_TESTABILITY = YES;
				GCC_C_LANGUAGE_STANDARD = gnu11;
				GCC_DYNAMIC_NO_PIC = NO;
				GCC_NO_COMMON_BLOCKS = YES;
				GCC_OPTIMIZATION_LEVEL = 0;
				GCC_PREPROCESSOR_DEFINITIONS = (
					"DEBUG=1",
					"$(inherited)",
				);
				GCC_WARN_64_TO_32_BIT_CONVERSION = YES;
				GCC_WARN_ABOUT_RETURN_TYPE = YES_ERROR;
				GCC_WARN_UNDECLARED_SELECTOR = YES;
				GCC_WARN_UNINITIALIZED_AUTOS = YES_AGGRESSIVE;
				GCC_WARN_UNUSED_FUNCTION = YES;
				GCC_WARN_UNUSED_VARIABLE = YES;
				IPHONEOS_DEPLOYMENT_TARGET = 15.0;
				MTL_ENABLE_DEBUG_INFO = INCLUDE_SOURCE;
				MTL_FAST_MATH = YES;
				ONLY_ACTIVE_ARCH = YES;
				SDKROOT = iphoneos;
				SWIFT_ACTIVE_COMPILATION_CONDITIONS = DEBUG;
				SWIFT_OPTIMIZATION_LEVEL = "-Onone";
			};
			name = Debug;
		};
		A2A478412741371B001B5163 /* Release */ = {
			isa = XCBuildConfiguration;
			buildSettings = {
				ALWAYS_SEARCH_USER_PATHS = NO;
				CLANG_ANALYZER_NONNULL = YES;
				CLANG_ANALYZER_NUMBER_OBJECT_CONVERSION = YES_AGGRESSIVE;
				CLANG_CXX_LANGUAGE_STANDARD = "gnu++17";
				CLANG_CXX_LIBRARY = "libc++";
				CLANG_ENABLE_MODULES = YES;
				CLANG_ENABLE_OBJC_ARC = YES;
				CLANG_ENABLE_OBJC_WEAK = YES;
				CLANG_WARN_BLOCK_CAPTURE_AUTORELEASING = YES;
				CLANG_WARN_BOOL_CONVERSION = YES;
				CLANG_WARN_COMMA = YES;
				CLANG_WARN_CONSTANT_CONVERSION = YES;
				CLANG_WARN_DEPRECATED_OBJC_IMPLEMENTATIONS = YES;
				CLANG_WARN_DIRECT_OBJC_ISA_USAGE = YES_ERROR;
				CLANG_WARN_DOCUMENTATION_COMMENTS = YES;
				CLANG_WARN_EMPTY_BODY = YES;
				CLANG_WARN_ENUM_CONVERSION = YES;
				CLANG_WARN_INFINITE_RECURSION = YES;
				CLANG_WARN_INT_CONVERSION = YES;
				CLANG_WARN_NON_LITERAL_NULL_CONVERSION = YES;
				CLANG_WARN_OBJC_IMPLICIT_RETAIN_SELF = YES;
				CLANG_WARN_OBJC_LITERAL_CONVERSION = YES;
				CLANG_WARN_OBJC_ROOT_CLASS = YES_ERROR;
				CLANG_WARN_QUOTED_INCLUDE_IN_FRAMEWORK_HEADER = YES;
				CLANG_WARN_RANGE_LOOP_ANALYSIS = YES;
				CLANG_WARN_STRICT_PROTOTYPES = YES;
				CLANG_WARN_SUSPICIOUS_MOVE = YES;
				CLANG_WARN_UNGUARDED_AVAILABILITY = YES_AGGRESSIVE;
				CLANG_WARN_UNREACHABLE_CODE = YES;
				CLANG_WARN__DUPLICATE_METHOD_MATCH = YES;
				COPY_PHASE_STRIP = NO;
				DEBUG_INFORMATION_FORMAT = "dwarf-with-dsym";
				ENABLE_NS_ASSERTIONS = NO;
				ENABLE_STRICT_OBJC_MSGSEND = YES;
				GCC_C_LANGUAGE_STANDARD = gnu11;
				GCC_NO_COMMON_BLOCKS = YES;
				GCC_WARN_64_TO_32_BIT_CONVERSION = YES;
				GCC_WARN_ABOUT_RETURN_TYPE = YES_ERROR;
				GCC_WARN_UNDECLARED_SELECTOR = YES;
				GCC_WARN_UNINITIALIZED_AUTOS = YES_AGGRESSIVE;
				GCC_WARN_UNUSED_FUNCTION = YES;
				GCC_WARN_UNUSED_VARIABLE = YES;
				IPHONEOS_DEPLOYMENT_TARGET = 15.0;
				MTL_ENABLE_DEBUG_INFO = NO;
				MTL_FAST_MATH = YES;
				SDKROOT = iphoneos;
				SWIFT_COMPILATION_MODE = wholemodule;
				SWIFT_OPTIMIZATION_LEVEL = "-O";
				VALIDATE_PRODUCT = YES;
			};
			name = Release;
		};
		A2A478432741371B001B5163 /* Debug */ = {
			isa = XCBuildConfiguration;
			buildSettings = {
				ASSETCATALOG_COMPILER_APPICON_NAME = AppIcon;
				ASSETCATALOG_COMPILER_GLOBAL_ACCENT_COLOR_NAME = AccentColor;
				CODE_SIGN_STYLE = Automatic;
				CURRENT_PROJECT_VERSION = 1;
				DEVELOPMENT_ASSET_PATHS = "\"Restart/Preview Content\"";
				ENABLE_PREVIEWS = YES;
				GENERATE_INFOPLIST_FILE = YES;
				INFOPLIST_FILE = Restart/Info.plist;
				INFOPLIST_KEY_UIApplicationSceneManifest_Generation = YES;
				INFOPLIST_KEY_UIApplicationSupportsIndirectInputEvents = YES;
				INFOPLIST_KEY_UISupportedInterfaceOrientations = UIInterfaceOrientationPortrait;
				INFOPLIST_KEY_UISupportedInterfaceOrientations_iPad = "UIInterfaceOrientationPortrait UIInterfaceOrientationPortraitUpsideDown UIInterfaceOrientationLandscapeLeft UIInterfaceOrientationLandscapeRight";
				INFOPLIST_KEY_UISupportedInterfaceOrientations_iPhone = UIInterfaceOrientationPortrait;
				LD_RUNPATH_SEARCH_PATHS = (
					"$(inherited)",
					"@executable_path/Frameworks",
				);
				MARKETING_VERSION = 1.0;
				PRODUCT_BUNDLE_IDENTIFIER = paulowuelton.Restart;
				PRODUCT_NAME = "$(TARGET_NAME)";
				SWIFT_EMIT_LOC_STRINGS = YES;
				SWIFT_VERSION = 5.0;
				TARGETED_DEVICE_FAMILY = "1,2";
			};
			name = Debug;
		};
		A2A478442741371B001B5163 /* Release */ = {
			isa = XCBuildConfiguration;
			buildSettings = {
				ASSETCATALOG_COMPILER_APPICON_NAME = AppIcon;
				ASSETCATALOG_COMPILER_GLOBAL_ACCENT_COLOR_NAME = AccentColor;
				CODE_SIGN_STYLE = Automatic;
				CURRENT_PROJECT_VERSION = 1;
				DEVELOPMENT_ASSET_PATHS = "\"Restart/Preview Content\"";
				ENABLE_PREVIEWS = YES;
				GENERATE_INFOPLIST_FILE = YES;
				INFOPLIST_FILE = Restart/Info.plist;
				INFOPLIST_KEY_UIApplicationSceneManifest_Generation = YES;
				INFOPLIST_KEY_UIApplicationSupportsIndirectInputEvents = YES;
				INFOPLIST_KEY_UISupportedInterfaceOrientations = UIInterfaceOrientationPortrait;
				INFOPLIST_KEY_UISupportedInterfaceOrientations_iPad = "UIInterfaceOrientationPortrait UIInterfaceOrientationPortraitUpsideDown UIInterfaceOrientationLandscapeLeft UIInterfaceOrientationLandscapeRight";
				INFOPLIST_KEY_UISupportedInterfaceOrientations_iPhone = UIInterfaceOrientationPortrait;
				LD_RUNPATH_SEARCH_PATHS = (
					"$(inherited)",
					"@executable_path/Frameworks",
				);
				MARKETING_VERSION = 1.0;
				PRODUCT_BUNDLE_IDENTIFIER = paulowuelton.Restart;
				PRODUCT_NAME = "$(TARGET_NAME)";
				SWIFT_EMIT_LOC_STRINGS = YES;
				SWIFT_VERSION = 5.0;
				TARGETED_DEVICE_FAMILY = "1,2";
			};
			name = Release;
		};
/* End XCBuildConfiguration section */

/* Begin XCConfigurationList section */
		A2A4782F2741371A001B5163 /* Build configuration list for PBXProject "Restart" */ = {
			isa = XCConfigurationList;
			buildConfigurations = (
				A2A478402741371B001B5163 /* Debug */,
				A2A478412741371B001B5163 /* Release */,
			);
			defaultConfigurationIsVisible = 0;
			defaultConfigurationName = Release;
		};
		A2A478422741371B001B5163 /* Build configuration list for PBXNativeTarget "Restart" */ = {
			isa = XCConfigurationList;
			buildConfigurations = (
				A2A478432741371B001B5163 /* Debug */,
				A2A478442741371B001B5163 /* Release */,
			);
			defaultConfigurationIsVisible = 0;
			defaultConfigurationName = Release;
		};
/* End XCConfigurationList section */
	};
	rootObject = A2A4782C2741371A001B5163 /* Project object */;
}
